// !$*UTF8*$!
{
	archiveVersion = 1;
	classes = {
	};
	objectVersion = 50;
	objects = {

/* Begin PBXBuildFile section */
		6C06C48420B779C500426C19 /* AppDelegate.swift in Sources */ = {isa = PBXBuildFile; fileRef = 6C06C48320B779C500426C19 /* AppDelegate.swift */; };
		6C06C48620B779C500426C19 /* ViewController.swift in Sources */ = {isa = PBXBuildFile; fileRef = 6C06C48520B779C500426C19 /* ViewController.swift */; };
		6C06C48920B779C500426C19 /* Main.storyboard in Resources */ = {isa = PBXBuildFile; fileRef = 6C06C48720B779C500426C19 /* Main.storyboard */; };
		6C06C48B20B779C700426C19 /* Assets.xcassets in Resources */ = {isa = PBXBuildFile; fileRef = 6C06C48A20B779C700426C19 /* Assets.xcassets */; };
		6C06C48E20B779C700426C19 /* LaunchScreen.storyboard in Resources */ = {isa = PBXBuildFile; fileRef = 6C06C48C20B779C700426C19 /* LaunchScreen.storyboard */; };
		6C06C49920B779C700426C19 /* messagingappTests.swift in Sources */ = {isa = PBXBuildFile; fileRef = 6C06C49820B779C700426C19 /* messagingappTests.swift */; };
		6C06C4A420B779C700426C19 /* messagingappUITests.swift in Sources */ = {isa = PBXBuildFile; fileRef = 6C06C4A320B779C700426C19 /* messagingappUITests.swift */; };
/* End PBXBuildFile section */

/* Begin PBXContainerItemProxy section */
		6C06C49520B779C700426C19 /* PBXContainerItemProxy */ = {
			isa = PBXContainerItemProxy;
			containerPortal = 6C06C47820B779C500426C19 /* Project object */;
			proxyType = 1;
			remoteGlobalIDString = 6C06C47F20B779C500426C19;
			remoteInfo = messagingapp;
		};
		6C06C4A020B779C700426C19 /* PBXContainerItemProxy */ = {
			isa = PBXContainerItemProxy;
			containerPortal = 6C06C47820B779C500426C19 /* Project object */;
			proxyType = 1;
			remoteGlobalIDString = 6C06C47F20B779C500426C19;
			remoteInfo = messagingapp;
		};
/* End PBXContainerItemProxy section */

/* Begin PBXFileReference section */
		6C06C48020B779C500426C19 /* messagingapp.app */ = {isa = PBXFileReference; explicitFileType = wrapper.application; includeInIndex = 0; path = messagingapp.app; sourceTree = BUILT_PRODUCTS_DIR; };
		6C06C48320B779C500426C19 /* AppDelegate.swift */ = {isa = PBXFileReference; lastKnownFileType = sourcecode.swift; path = AppDelegate.swift; sourceTree = "<group>"; };
		6C06C48520B779C500426C19 /* ViewController.swift */ = {isa = PBXFileReference; lastKnownFileType = sourcecode.swift; path = ViewController.swift; sourceTree = "<group>"; };
		6C06C48820B779C500426C19 /* Base */ = {isa = PBXFileReference; lastKnownFileType = file.storyboard; name = Base; path = Base.lproj/Main.storyboard; sourceTree = "<group>"; };
		6C06C48A20B779C700426C19 /* Assets.xcassets */ = {isa = PBXFileReference; lastKnownFileType = folder.assetcatalog; path = Assets.xcassets; sourceTree = "<group>"; };
		6C06C48D20B779C700426C19 /* Base */ = {isa = PBXFileReference; lastKnownFileType = file.storyboard; name = Base; path = Base.lproj/LaunchScreen.storyboard; sourceTree = "<group>"; };
		6C06C48F20B779C700426C19 /* Info.plist */ = {isa = PBXFileReference; lastKnownFileType = text.plist.xml; path = Info.plist; sourceTree = "<group>"; };
		6C06C49420B779C700426C19 /* messagingappTests.xctest */ = {isa = PBXFileReference; explicitFileType = wrapper.cfbundle; includeInIndex = 0; path = messagingappTests.xctest; sourceTree = BUILT_PRODUCTS_DIR; };
		6C06C49820B779C700426C19 /* messagingappTests.swift */ = {isa = PBXFileReference; lastKnownFileType = sourcecode.swift; path = messagingappTests.swift; sourceTree = "<group>"; };
		6C06C49A20B779C700426C19 /* Info.plist */ = {isa = PBXFileReference; lastKnownFileType = text.plist.xml; path = Info.plist; sourceTree = "<group>"; };
		6C06C49F20B779C700426C19 /* messagingappUITests.xctest */ = {isa = PBXFileReference; explicitFileType = wrapper.cfbundle; includeInIndex = 0; path = messagingappUITests.xctest; sourceTree = BUILT_PRODUCTS_DIR; };
		6C06C4A320B779C700426C19 /* messagingappUITests.swift */ = {isa = PBXFileReference; lastKnownFileType = sourcecode.swift; path = messagingappUITests.swift; sourceTree = "<group>"; };
		6C06C4A520B779C700426C19 /* Info.plist */ = {isa = PBXFileReference; lastKnownFileType = text.plist.xml; path = Info.plist; sourceTree = "<group>"; };
/* End PBXFileReference section */

/* Begin PBXFrameworksBuildPhase section */
		6C06C47D20B779C500426C19 /* Frameworks */ = {
			isa = PBXFrameworksBuildPhase;
			buildActionMask = 2147483647;
			files = (
			);
			runOnlyForDeploymentPostprocessing = 0;
		};
		6C06C49120B779C700426C19 /* Frameworks */ = {
			isa = PBXFrameworksBuildPhase;
			buildActionMask = 2147483647;
			files = (
			);
			runOnlyForDeploymentPostprocessing = 0;
		};
		6C06C49C20B779C700426C19 /* Frameworks */ = {
			isa = PBXFrameworksBuildPhase;
			buildActionMask = 2147483647;
			files = (
			);
			runOnlyForDeploymentPostprocessing = 0;
		};
/* End PBXFrameworksBuildPhase section */

/* Begin PBXGroup section */
		6C06C47720B779C500426C19 = {
			isa = PBXGroup;
			children = (
				6C06C48220B779C500426C19 /* messagingapp */,
				6C06C49720B779C700426C19 /* messagingappTests */,
				6C06C4A220B779C700426C19 /* messagingappUITests */,
				6C06C48120B779C500426C19 /* Products */,
			);
			sourceTree = "<group>";
		};
		6C06C48120B779C500426C19 /* Products */ = {
			isa = PBXGroup;
			children = (
				6C06C48020B779C500426C19 /* messagingapp.app */,
				6C06C49420B779C700426C19 /* messagingappTests.xctest */,
				6C06C49F20B779C700426C19 /* messagingappUITests.xctest */,
			);
			name = Products;
			sourceTree = "<group>";
		};
		6C06C48220B779C500426C19 /* messagingapp */ = {
			isa = PBXGroup;
			children = (
				6C06C48320B779C500426C19 /* AppDelegate.swift */,
				6C06C48520B779C500426C19 /* ViewController.swift */,
				6C06C48720B779C500426C19 /* Main.storyboard */,
				6C06C48A20B779C700426C19 /* Assets.xcassets */,
				6C06C48C20B779C700426C19 /* LaunchScreen.storyboard */,
				6C06C48F20B779C700426C19 /* Info.plist */,
			);
			path = messagingapp;
			sourceTree = "<group>";
		};
		6C06C49720B779C700426C19 /* messagingappTests */ = {
			isa = PBXGroup;
			children = (
				6C06C49820B779C700426C19 /* messagingappTests.swift */,
				6C06C49A20B779C700426C19 /* Info.plist */,
			);
			path = messagingappTests;
			sourceTree = "<group>";
		};
		6C06C4A220B779C700426C19 /* messagingappUITests */ = {
			isa = PBXGroup;
			children = (
				6C06C4A320B779C700426C19 /* messagingappUITests.swift */,
				6C06C4A520B779C700426C19 /* Info.plist */,
			);
			path = messagingappUITests;
			sourceTree = "<group>";
		};
/* End PBXGroup section */

/* Begin PBXNativeTarget section */
		6C06C47F20B779C500426C19 /* messagingapp */ = {
			isa = PBXNativeTarget;
			buildConfigurationList = 6C06C4A820B779C700426C19 /* Build configuration list for PBXNativeTarget "messagingapp" */;
			buildPhases = (
				6C06C47C20B779C500426C19 /* Sources */,
				6C06C47D20B779C500426C19 /* Frameworks */,
				6C06C47E20B779C500426C19 /* Resources */,
			);
			buildRules = (
			);
			dependencies = (
			);
			name = messagingapp;
			productName = messagingapp;
			productReference = 6C06C48020B779C500426C19 /* messagingapp.app */;
			productType = "com.apple.product-type.application";
		};
		6C06C49320B779C700426C19 /* messagingappTests */ = {
			isa = PBXNativeTarget;
			buildConfigurationList = 6C06C4AB20B779C700426C19 /* Build configuration list for PBXNativeTarget "messagingappTests" */;
			buildPhases = (
				6C06C49020B779C700426C19 /* Sources */,
				6C06C49120B779C700426C19 /* Frameworks */,
				6C06C49220B779C700426C19 /* Resources */,
			);
			buildRules = (
			);
			dependencies = (
				6C06C49620B779C700426C19 /* PBXTargetDependency */,
			);
			name = messagingappTests;
			productName = messagingappTests;
			productReference = 6C06C49420B779C700426C19 /* messagingappTests.xctest */;
			productType = "com.apple.product-type.bundle.unit-test";
		};
		6C06C49E20B779C700426C19 /* messagingappUITests */ = {
			isa = PBXNativeTarget;
			buildConfigurationList = 6C06C4AE20B779C700426C19 /* Build configuration list for PBXNativeTarget "messagingappUITests" */;
			buildPhases = (
				6C06C49B20B779C700426C19 /* Sources */,
				6C06C49C20B779C700426C19 /* Frameworks */,
				6C06C49D20B779C700426C19 /* Resources */,
			);
			buildRules = (
			);
			dependencies = (
				6C06C4A120B779C700426C19 /* PBXTargetDependency */,
			);
			name = messagingappUITests;
			productName = messagingappUITests;
			productReference = 6C06C49F20B779C700426C19 /* messagingappUITests.xctest */;
			productType = "com.apple.product-type.bundle.ui-testing";
		};
/* End PBXNativeTarget section */

/* Begin PBXProject section */
		6C06C47820B779C500426C19 /* Project object */ = {
			isa = PBXProject;
			attributes = {
				LastSwiftUpdateCheck = 0930;
				LastUpgradeCheck = 0930;
				ORGANIZATIONNAME = "Elizabeth Neish";
				TargetAttributes = {
					6C06C47F20B779C500426C19 = {
						CreatedOnToolsVersion = 9.3.1;
					};
					6C06C49320B779C700426C19 = {
						CreatedOnToolsVersion = 9.3.1;
						TestTargetID = 6C06C47F20B779C500426C19;
					};
					6C06C49E20B779C700426C19 = {
						CreatedOnToolsVersion = 9.3.1;
						TestTargetID = 6C06C47F20B779C500426C19;
					};
				};
			};
			buildConfigurationList = 6C06C47B20B779C500426C19 /* Build configuration list for PBXProject "messagingapp" */;
			compatibilityVersion = "Xcode 9.3";
			developmentRegion = en;
			hasScannedForEncodings = 0;
			knownRegions = (
				en,
				Base,
			);
			mainGroup = 6C06C47720B779C500426C19;
			productRefGroup = 6C06C48120B779C500426C19 /* Products */;
			projectDirPath = "";
			projectRoot = "";
			targets = (
				6C06C47F20B779C500426C19 /* messagingapp */,
				6C06C49320B779C700426C19 /* messagingappTests */,
				6C06C49E20B779C700426C19 /* messagingappUITests */,
			);
		};
/* End PBXProject section */

/* Begin PBXResourcesBuildPhase section */
		6C06C47E20B779C500426C19 /* Resources */ = {
			isa = PBXResourcesBuildPhase;
			buildActionMask = 2147483647;
			files = (
				6C06C48E20B779C700426C19 /* LaunchScreen.storyboard in Resources */,
				6C06C48B20B779C700426C19 /* Assets.xcassets in Resources */,
				6C06C48920B779C500426C19 /* Main.storyboard in Resources */,
			);
			runOnlyForDeploymentPostprocessing = 0;
		};
		6C06C49220B779C700426C19 /* Resources */ = {
			isa = PBXResourcesBuildPhase;
			buildActionMask = 2147483647;
			files = (
			);
			runOnlyForDeploymentPostprocessing = 0;
		};
		6C06C49D20B779C700426C19 /* Resources */ = {
			isa = PBXResourcesBuildPhase;
			buildActionMask = 2147483647;
			files = (
			);
			runOnlyForDeploymentPostprocessing = 0;
		};
/* End PBXResourcesBuildPhase section */

/* Begin PBXSourcesBuildPhase section */
		6C06C47C20B779C500426C19 /* Sources */ = {
			isa = PBXSourcesBuildPhase;
			buildActionMask = 2147483647;
			files = (
				6C06C48620B779C500426C19 /* ViewController.swift in Sources */,
				6C06C48420B779C500426C19 /* AppDelegate.swift in Sources */,
			);
			runOnlyForDeploymentPostprocessing = 0;
		};
		6C06C49020B779C700426C19 /* Sources */ = {
			isa = PBXSourcesBuildPhase;
			buildActionMask = 2147483647;
			files = (
				6C06C49920B779C700426C19 /* messagingappTests.swift in Sources */,
			);
			runOnlyForDeploymentPostprocessing = 0;
		};
		6C06C49B20B779C700426C19 /* Sources */ = {
			isa = PBXSourcesBuildPhase;
			buildActionMask = 2147483647;
			files = (
				6C06C4A420B779C700426C19 /* messagingappUITests.swift in Sources */,
			);
			runOnlyForDeploymentPostprocessing = 0;
		};
/* End PBXSourcesBuildPhase section */

/* Begin PBXTargetDependency section */
		6C06C49620B779C700426C19 /* PBXTargetDependency */ = {
			isa = PBXTargetDependency;
			target = 6C06C47F20B779C500426C19 /* messagingapp */;
			targetProxy = 6C06C49520B779C700426C19 /* PBXContainerItemProxy */;
		};
		6C06C4A120B779C700426C19 /* PBXTargetDependency */ = {
			isa = PBXTargetDependency;
			target = 6C06C47F20B779C500426C19 /* messagingapp */;
			targetProxy = 6C06C4A020B779C700426C19 /* PBXContainerItemProxy */;
		};
/* End PBXTargetDependency section */

/* Begin PBXVariantGroup section */
		6C06C48720B779C500426C19 /* Main.storyboard */ = {
			isa = PBXVariantGroup;
			children = (
				6C06C48820B779C500426C19 /* Base */,
			);
			name = Main.storyboard;
			sourceTree = "<group>";
		};
		6C06C48C20B779C700426C19 /* LaunchScreen.storyboard */ = {
			isa = PBXVariantGroup;
			children = (
				6C06C48D20B779C700426C19 /* Base */,
			);
			name = LaunchScreen.storyboard;
			sourceTree = "<group>";
		};
/* End PBXVariantGroup section */

/* Begin XCBuildConfiguration section */
		6C06C4A620B779C700426C19 /* Debug */ = {
			isa = XCBuildConfiguration;
			buildSettings = {
				ALWAYS_SEARCH_USER_PATHS = NO;
				CLANG_ANALYZER_NONNULL = YES;
				CLANG_ANALYZER_NUMBER_OBJECT_CONVERSION = YES_AGGRESSIVE;
				CLANG_CXX_LANGUAGE_STANDARD = "gnu++14";
				CLANG_CXX_LIBRARY = "libc++";
				CLANG_ENABLE_MODULES = YES;
				CLANG_ENABLE_OBJC_ARC = YES;
				CLANG_ENABLE_OBJC_WEAK = YES;
				CLANG_WARN_BLOCK_CAPTURE_AUTORELEASING = YES;
				CLANG_WARN_BOOL_CONVERSION = YES;
				CLANG_WARN_COMMA = YES;
				CLANG_WARN_CONSTANT_CONVERSION = YES;
				CLANG_WARN_DEPRECATED_OBJC_IMPLEMENTATIONS = YES;
				CLANG_WARN_DIRECT_OBJC_ISA_USAGE = YES_ERROR;
				CLANG_WARN_DOCUMENTATION_COMMENTS = YES;
				CLANG_WARN_EMPTY_BODY = YES;
				CLANG_WARN_ENUM_CONVERSION = YES;
				CLANG_WARN_INFINITE_RECURSION = YES;
				CLANG_WARN_INT_CONVERSION = YES;
				CLANG_WARN_NON_LITERAL_NULL_CONVERSION = YES;
				CLANG_WARN_OBJC_IMPLICIT_RETAIN_SELF = YES;
				CLANG_WARN_OBJC_LITERAL_CONVERSION = YES;
				CLANG_WARN_OBJC_ROOT_CLASS = YES_ERROR;
				CLANG_WARN_RANGE_LOOP_ANALYSIS = YES;
				CLANG_WARN_STRICT_PROTOTYPES = YES;
				CLANG_WARN_SUSPICIOUS_MOVE = YES;
				CLANG_WARN_UNGUARDED_AVAILABILITY = YES_AGGRESSIVE;
				CLANG_WARN_UNREACHABLE_CODE = YES;
				CLANG_WARN__DUPLICATE_METHOD_MATCH = YES;
				CODE_SIGN_IDENTITY = "iPhone Developer";
				COPY_PHASE_STRIP = NO;
				DEBUG_INFORMATION_FORMAT = dwarf;
				ENABLE_STRICT_OBJC_MSGSEND = YES;
				ENABLE_TESTABILITY = YES;
				GCC_C_LANGUAGE_STANDARD = gnu11;
				GCC_DYNAMIC_NO_PIC = NO;
				GCC_NO_COMMON_BLOCKS = YES;
				GCC_OPTIMIZATION_LEVEL = 0;
				GCC_PREPROCESSOR_DEFINITIONS = (
					"DEBUG=1",
					"$(inherited)",
				);
				GCC_WARN_64_TO_32_BIT_CONVERSION = YES;
				GCC_WARN_ABOUT_RETURN_TYPE = YES_ERROR;
				GCC_WARN_UNDECLARED_SELECTOR = YES;
				GCC_WARN_UNINITIALIZED_AUTOS = YES_AGGRESSIVE;
				GCC_WARN_UNUSED_FUNCTION = YES;
				GCC_WARN_UNUSED_VARIABLE = YES;
				IPHONEOS_DEPLOYMENT_TARGET = 11.3;
				MTL_ENABLE_DEBUG_INFO = YES;
				ONLY_ACTIVE_ARCH = YES;
				SDKROOT = iphoneos;
				SWIFT_ACTIVE_COMPILATION_CONDITIONS = DEBUG;
				SWIFT_OPTIMIZATION_LEVEL = "-Onone";
			};
			name = Debug;
		};
		6C06C4A720B779C700426C19 /* Release */ = {
			isa = XCBuildConfiguration;
			buildSettings = {
				ALWAYS_SEARCH_USER_PATHS = NO;
				CLANG_ANALYZER_NONNULL = YES;
				CLANG_ANALYZER_NUMBER_OBJECT_CONVERSION = YES_AGGRESSIVE;
				CLANG_CXX_LANGUAGE_STANDARD = "gnu++14";
				CLANG_CXX_LIBRARY = "libc++";
				CLANG_ENABLE_MODULES = YES;
				CLANG_ENABLE_OBJC_ARC = YES;
				CLANG_ENABLE_OBJC_WEAK = YES;
				CLANG_WARN_BLOCK_CAPTURE_AUTORELEASING = YES;
				CLANG_WARN_BOOL_CONVERSION = YES;
				CLANG_WARN_COMMA = YES;
				CLANG_WARN_CONSTANT_CONVERSION = YES;
				CLANG_WARN_DEPRECATED_OBJC_IMPLEMENTATIONS = YES;
				CLANG_WARN_DIRECT_OBJC_ISA_USAGE = YES_ERROR;
				CLANG_WARN_DOCUMENTATION_COMMENTS = YES;
				CLANG_WARN_EMPTY_BODY = YES;
				CLANG_WARN_ENUM_CONVERSION = YES;
				CLANG_WARN_INFINITE_RECURSION = YES;
				CLANG_WARN_INT_CONVERSION = YES;
				CLANG_WARN_NON_LITERAL_NULL_CONVERSION = YES;
				CLANG_WARN_OBJC_IMPLICIT_RETAIN_SELF = YES;
				CLANG_WARN_OBJC_LITERAL_CONVERSION = YES;
				CLANG_WARN_OBJC_ROOT_CLASS = YES_ERROR;
				CLANG_WARN_RANGE_LOOP_ANALYSIS = YES;
				CLANG_WARN_STRICT_PROTOTYPES = YES;
				CLANG_WARN_SUSPICIOUS_MOVE = YES;
				CLANG_WARN_UNGUARDED_AVAILABILITY = YES_AGGRESSIVE;
				CLANG_WARN_UNREACHABLE_CODE = YES;
				CLANG_WARN__DUPLICATE_METHOD_MATCH = YES;
				CODE_SIGN_IDENTITY = "iPhone Developer";
				COPY_PHASE_STRIP = NO;
				DEBUG_INFORMATION_FORMAT = "dwarf-with-dsym";
				ENABLE_NS_ASSERTIONS = NO;
				ENABLE_STRICT_OBJC_MSGSEND = YES;
				GCC_C_LANGUAGE_STANDARD = gnu11;
				GCC_NO_COMMON_BLOCKS = YES;
				GCC_WARN_64_TO_32_BIT_CONVERSION = YES;
				GCC_WARN_ABOUT_RETURN_TYPE = YES_ERROR;
				GCC_WARN_UNDECLARED_SELECTOR = YES;
				GCC_WARN_UNINITIALIZED_AUTOS = YES_AGGRESSIVE;
				GCC_WARN_UNUSED_FUNCTION = YES;
				GCC_WARN_UNUSED_VARIABLE = YES;
				IPHONEOS_DEPLOYMENT_TARGET = 11.3;
				MTL_ENABLE_DEBUG_INFO = NO;
				SDKROOT = iphoneos;
				SWIFT_COMPILATION_MODE = wholemodule;
				SWIFT_OPTIMIZATION_LEVEL = "-O";
				VALIDATE_PRODUCT = YES;
			};
			name = Release;
		};
		6C06C4A920B779C700426C19 /* Debug */ = {
			isa = XCBuildConfiguration;
			buildSettings = {
				ASSETCATALOG_COMPILER_APPICON_NAME = AppIcon;
				CODE_SIGN_STYLE = Automatic;
				DEVELOPMENT_TEAM = H8B4D95Y5D;
				INFOPLIST_FILE = messagingapp/Info.plist;
				LD_RUNPATH_SEARCH_PATHS = (
					"$(inherited)",
					"@executable_path/Frameworks",
				);
				PRODUCT_BUNDLE_IDENTIFIER = com.digitalgrounds.messagingapp;
				PRODUCT_NAME = "$(TARGET_NAME)";
				SWIFT_VERSION = 4.0;
				TARGETED_DEVICE_FAMILY = "1,2";
			};
			name = Debug;
		};
		6C06C4AA20B779C700426C19 /* Release */ = {
			isa = XCBuildConfiguration;
			buildSettings = {
				ASSETCATALOG_COMPILER_APPICON_NAME = AppIcon;
				CODE_SIGN_STYLE = Automatic;
				DEVELOPMENT_TEAM = H8B4D95Y5D;
				INFOPLIST_FILE = messagingapp/Info.plist;
				LD_RUNPATH_SEARCH_PATHS = (
					"$(inherited)",
					"@executable_path/Frameworks",
				);
				PRODUCT_BUNDLE_IDENTIFIER = com.digitalgrounds.messagingapp;
				PRODUCT_NAME = "$(TARGET_NAME)";
				SWIFT_VERSION = 4.0;
				TARGETED_DEVICE_FAMILY = "1,2";
			};
			name = Release;
		};
		6C06C4AC20B779C700426C19 /* Debug */ = {
			isa = XCBuildConfiguration;
			buildSettings = {
				ALWAYS_EMBED_SWIFT_STANDARD_LIBRARIES = YES;
				BUNDLE_LOADER = "$(TEST_HOST)";
				CODE_SIGN_STYLE = Automatic;
				DEVELOPMENT_TEAM = H8B4D95Y5D;
				INFOPLIST_FILE = messagingappTests/Info.plist;
				LD_RUNPATH_SEARCH_PATHS = (
					"$(inherited)",
					"@executable_path/Frameworks",
					"@loader_path/Frameworks",
				);
				PRODUCT_BUNDLE_IDENTIFIER = com.digitalgrounds.messagingappTests;
				PRODUCT_NAME = "$(TARGET_NAME)";
				SWIFT_VERSION = 4.0;
				TARGETED_DEVICE_FAMILY = "1,2";
				TEST_HOST = "$(BUILT_PRODUCTS_DIR)/messagingapp.app/messagingapp";
			};
			name = Debug;
		};
		6C06C4AD20B779C700426C19 /* Release */ = {
			isa = XCBuildConfiguration;
			buildSettings = {
				ALWAYS_EMBED_SWIFT_STANDARD_LIBRARIES = YES;
				BUNDLE_LOADER = "$(TEST_HOST)";
				CODE_SIGN_STYLE = Automatic;
				DEVELOPMENT_TEAM = H8B4D95Y5D;
				INFOPLIST_FILE = messagingappTests/Info.plist;
				LD_RUNPATH_SEARCH_PATHS = (
					"$(inherited)",
					"@executable_path/Frameworks",
					"@loader_path/Frameworks",
				);
				PRODUCT_BUNDLE_IDENTIFIER = com.digitalgrounds.messagingappTests;
				PRODUCT_NAME = "$(TARGET_NAME)";
				SWIFT_VERSION = 4.0;
				TARGETED_DEVICE_FAMILY = "1,2";
				TEST_HOST = "$(BUILT_PRODUCTS_DIR)/messagingapp.app/messagingapp";
			};
			name = Release;
		};
		6C06C4AF20B779C700426C19 /* Debug */ = {
			isa = XCBuildConfiguration;
			buildSettings = {
				ALWAYS_EMBED_SWIFT_STANDARD_LIBRARIES = YES;
				CODE_SIGN_STYLE = Automatic;
				DEVELOPMENT_TEAM = H8B4D95Y5D;
				INFOPLIST_FILE = messagingappUITests/Info.plist;
				LD_RUNPATH_SEARCH_PATHS = (
					"$(inherited)",
					"@executable_path/Frameworks",
					"@loader_path/Frameworks",
				);
				PRODUCT_BUNDLE_IDENTIFIER = com.digitalgrounds.messagingappUITests;
				PRODUCT_NAME = "$(TARGET_NAME)";
				SWIFT_VERSION = 4.0;
				TARGETED_DEVICE_FAMILY = "1,2";
				TEST_TARGET_NAME = messagingapp;
			};
			name = Debug;
		};
		6C06C4B020B779C700426C19 /* Release */ = {
			isa = XCBuildConfiguration;
			buildSettings = {
				ALWAYS_EMBED_SWIFT_STANDARD_LIBRARIES = YES;
				CODE_SIGN_STYLE = Automatic;
				DEVELOPMENT_TEAM = H8B4D95Y5D;
				INFOPLIST_FILE = messagingappUITests/Info.plist;
				LD_RUNPATH_SEARCH_PATHS = (
					"$(inherited)",
					"@executable_path/Frameworks",
					"@loader_path/Frameworks",
				);
				PRODUCT_BUNDLE_IDENTIFIER = com.digitalgrounds.messagingappUITests;
				PRODUCT_NAME = "$(TARGET_NAME)";
				SWIFT_VERSION = 4.0;
				TARGETED_DEVICE_FAMILY = "1,2";
				TEST_TARGET_NAME = messagingapp;
			};
			name = Release;
		};
/* End XCBuildConfiguration section */

/* Begin XCConfigurationList section */
		6C06C47B20B779C500426C19 /* Build configuration list for PBXProject "messagingapp" */ = {
			isa = XCConfigurationList;
			buildConfigurations = (
				6C06C4A620B779C700426C19 /* Debug */,
				6C06C4A720B779C700426C19 /* Release */,
			);
			defaultConfigurationIsVisible = 0;
			defaultConfigurationName = Release;
		};
		6C06C4A820B779C700426C19 /* Build configuration list for PBXNativeTarget "messagingapp" */ = {
			isa = XCConfigurationList;
			buildConfigurations = (
				6C06C4A920B779C700426C19 /* Debug */,
				6C06C4AA20B779C700426C19 /* Release */,
			);
			defaultConfigurationIsVisible = 0;
			defaultConfigurationName = Release;
		};
		6C06C4AB20B779C700426C19 /* Build configuration list for PBXNativeTarget "messagingappTests" */ = {
			isa = XCConfigurationList;
			buildConfigurations = (
				6C06C4AC20B779C700426C19 /* Debug */,
				6C06C4AD20B779C700426C19 /* Release */,
			);
			defaultConfigurationIsVisible = 0;
			defaultConfigurationName = Release;
		};
		6C06C4AE20B779C700426C19 /* Build configuration list for PBXNativeTarget "messagingappUITests" */ = {
			isa = XCConfigurationList;
			buildConfigurations = (
				6C06C4AF20B779C700426C19 /* Debug */,
				6C06C4B020B779C700426C19 /* Release */,
			);
			defaultConfigurationIsVisible = 0;
			defaultConfigurationName = Release;
		};
/* End XCConfigurationList section */
	};
	rootObject = 6C06C47820B779C500426C19 /* Project object */;
}
